// !$*UTF8*$!
{
	archiveVersion = 1;
	classes = {
	};
	objectVersion = 50;
	objects = {

/* Begin PBXBuildFile section */
		076074CE279F6CCE001FEFDC /* CoreData.framework in Frameworks */ = {isa = PBXBuildFile; fileRef = 076074CD279F6CCE001FEFDC /* CoreData.framework */; };
		076074D1279F6D45001FEFDC /* GameData.xcdatamodeld in Sources */ = {isa = PBXBuildFile; fileRef = 076074CF279F6D45001FEFDC /* GameData.xcdatamodeld */; };
		076074D6279F7516001FEFDC /* CoreDatabase.swift in Sources */ = {isa = PBXBuildFile; fileRef = 076074D5279F7516001FEFDC /* CoreDatabase.swift */; };
		07740D7B27962FD000A73E55 /* AppDelegate.swift in Sources */ = {isa = PBXBuildFile; fileRef = 07740D7A27962FD000A73E55 /* AppDelegate.swift */; };
		07740D7D27962FD000A73E55 /* SceneDelegate.swift in Sources */ = {isa = PBXBuildFile; fileRef = 07740D7C27962FD000A73E55 /* SceneDelegate.swift */; };
		07740D7F27962FD000A73E55 /* ViewController.swift in Sources */ = {isa = PBXBuildFile; fileRef = 07740D7E27962FD000A73E55 /* ViewController.swift */; };
		07740D8227962FD000A73E55 /* Main.storyboard in Resources */ = {isa = PBXBuildFile; fileRef = 07740D8027962FD000A73E55 /* Main.storyboard */; };
		07740D8427962FDA00A73E55 /* Assets.xcassets in Resources */ = {isa = PBXBuildFile; fileRef = 07740D8327962FDA00A73E55 /* Assets.xcassets */; };
		07740D8727962FDA00A73E55 /* LaunchScreen.storyboard in Resources */ = {isa = PBXBuildFile; fileRef = 07740D8527962FDA00A73E55 /* LaunchScreen.storyboard */; };
		07740D9227962FDA00A73E55 /* TicTacToeTests.swift in Sources */ = {isa = PBXBuildFile; fileRef = 07740D9127962FDA00A73E55 /* TicTacToeTests.swift */; };
		07740D9D27962FDA00A73E55 /* TicTacToeUITests.swift in Sources */ = {isa = PBXBuildFile; fileRef = 07740D9C27962FDA00A73E55 /* TicTacToeUITests.swift */; };
		07740DB12796317400A73E55 /* TicTacToe.swift in Sources */ = {isa = PBXBuildFile; fileRef = 07740DB02796317400A73E55 /* TicTacToe.swift */; };
		07F8C8272797876C002250D3 /* Constants.swift in Sources */ = {isa = PBXBuildFile; fileRef = 07F8C8262797876C002250D3 /* Constants.swift */; };
/* End PBXBuildFile section */

/* Begin PBXContainerItemProxy section */
		07740D8E27962FDA00A73E55 /* PBXContainerItemProxy */ = {
			isa = PBXContainerItemProxy;
			containerPortal = 07740D6F27962FD000A73E55 /* Project object */;
			proxyType = 1;
			remoteGlobalIDString = 07740D7627962FD000A73E55;
			remoteInfo = TicTacToe;
		};
		07740D9927962FDA00A73E55 /* PBXContainerItemProxy */ = {
			isa = PBXContainerItemProxy;
			containerPortal = 07740D6F27962FD000A73E55 /* Project object */;
			proxyType = 1;
			remoteGlobalIDString = 07740D7627962FD000A73E55;
			remoteInfo = TicTacToe;
		};
/* End PBXContainerItemProxy section */

/* Begin PBXFileReference section */
		076074CD279F6CCE001FEFDC /* CoreData.framework */ = {isa = PBXFileReference; lastKnownFileType = wrapper.framework; name = CoreData.framework; path = System/Library/Frameworks/CoreData.framework; sourceTree = SDKROOT; };
		076074D0279F6D45001FEFDC /* GameData.xcdatamodel */ = {isa = PBXFileReference; lastKnownFileType = wrapper.xcdatamodel; path = GameData.xcdatamodel; sourceTree = "<group>"; };
		076074D5279F7516001FEFDC /* CoreDatabase.swift */ = {isa = PBXFileReference; lastKnownFileType = sourcecode.swift; path = CoreDatabase.swift; sourceTree = "<group>"; };
		07740D7727962FD000A73E55 /* Lab2_GaganjotSingh_C0834419_IOS.app */ = {isa = PBXFileReference; explicitFileType = wrapper.application; includeInIndex = 0; path = Lab2_GaganjotSingh_C0834419_IOS.app; sourceTree = BUILT_PRODUCTS_DIR; };
		07740D7A27962FD000A73E55 /* AppDelegate.swift */ = {isa = PBXFileReference; lastKnownFileType = sourcecode.swift; path = AppDelegate.swift; sourceTree = "<group>"; };
		07740D7C27962FD000A73E55 /* SceneDelegate.swift */ = {isa = PBXFileReference; lastKnownFileType = sourcecode.swift; path = SceneDelegate.swift; sourceTree = "<group>"; };
		07740D7E27962FD000A73E55 /* ViewController.swift */ = {isa = PBXFileReference; lastKnownFileType = sourcecode.swift; path = ViewController.swift; sourceTree = "<group>"; };
		07740D8127962FD000A73E55 /* Base */ = {isa = PBXFileReference; lastKnownFileType = file.storyboard; name = Base; path = Base.lproj/Main.storyboard; sourceTree = "<group>"; };
		07740D8327962FDA00A73E55 /* Assets.xcassets */ = {isa = PBXFileReference; lastKnownFileType = folder.assetcatalog; path = Assets.xcassets; sourceTree = "<group>"; };
		07740D8627962FDA00A73E55 /* Base */ = {isa = PBXFileReference; lastKnownFileType = file.storyboard; name = Base; path = Base.lproj/LaunchScreen.storyboard; sourceTree = "<group>"; };
		07740D8827962FDA00A73E55 /* Info.plist */ = {isa = PBXFileReference; lastKnownFileType = text.plist.xml; path = Info.plist; sourceTree = "<group>"; };
		07740D8D27962FDA00A73E55 /* Lab2_GaganjotSingh_C0834419_IOSTests.xctest */ = {isa = PBXFileReference; explicitFileType = wrapper.cfbundle; includeInIndex = 0; path = Lab2_GaganjotSingh_C0834419_IOSTests.xctest; sourceTree = BUILT_PRODUCTS_DIR; };
		07740D9127962FDA00A73E55 /* TicTacToeTests.swift */ = {isa = PBXFileReference; lastKnownFileType = sourcecode.swift; path = TicTacToeTests.swift; sourceTree = "<group>"; };
		07740D9327962FDA00A73E55 /* Info.plist */ = {isa = PBXFileReference; lastKnownFileType = text.plist.xml; path = Info.plist; sourceTree = "<group>"; };
		07740D9827962FDA00A73E55 /* Lab2_GaganjotSingh_C0834419_IOSUITests.xctest */ = {isa = PBXFileReference; explicitFileType = wrapper.cfbundle; includeInIndex = 0; path = Lab2_GaganjotSingh_C0834419_IOSUITests.xctest; sourceTree = BUILT_PRODUCTS_DIR; };
		07740D9C27962FDA00A73E55 /* TicTacToeUITests.swift */ = {isa = PBXFileReference; lastKnownFileType = sourcecode.swift; path = TicTacToeUITests.swift; sourceTree = "<group>"; };
		07740D9E27962FDA00A73E55 /* Info.plist */ = {isa = PBXFileReference; lastKnownFileType = text.plist.xml; path = Info.plist; sourceTree = "<group>"; };
		07740DB02796317400A73E55 /* TicTacToe.swift */ = {isa = PBXFileReference; lastKnownFileType = sourcecode.swift; path = TicTacToe.swift; sourceTree = "<group>"; };
		07F8C8262797876C002250D3 /* Constants.swift */ = {isa = PBXFileReference; lastKnownFileType = sourcecode.swift; path = Constants.swift; sourceTree = "<group>"; };
/* End PBXFileReference section */

/* Begin PBXFrameworksBuildPhase section */
		07740D7427962FD000A73E55 /* Frameworks */ = {
			isa = PBXFrameworksBuildPhase;
			buildActionMask = 2147483647;
			files = (
				076074CE279F6CCE001FEFDC /* CoreData.framework in Frameworks */,
			);
			runOnlyForDeploymentPostprocessing = 0;
		};
		07740D8A27962FDA00A73E55 /* Frameworks */ = {
			isa = PBXFrameworksBuildPhase;
			buildActionMask = 2147483647;
			files = (
			);
			runOnlyForDeploymentPostprocessing = 0;
		};
		07740D9527962FDA00A73E55 /* Frameworks */ = {
			isa = PBXFrameworksBuildPhase;
			buildActionMask = 2147483647;
			files = (
			);
			runOnlyForDeploymentPostprocessing = 0;
		};
/* End PBXFrameworksBuildPhase section */

/* Begin PBXGroup section */
		076074CC279F6CCE001FEFDC /* Frameworks */ = {
			isa = PBXGroup;
			children = (
				076074CD279F6CCE001FEFDC /* CoreData.framework */,
			);
			name = Frameworks;
			sourceTree = "<group>";
		};
		07740D6E27962FD000A73E55 = {
			isa = PBXGroup;
			children = (
				07740D7927962FD000A73E55 /* TicTacToe */,
				07740D9027962FDA00A73E55 /* TicTacToeTests */,
				07740D9B27962FDA00A73E55 /* TicTacToeUITests */,
				07740D7827962FD000A73E55 /* Products */,
				076074CC279F6CCE001FEFDC /* Frameworks */,
			);
			sourceTree = "<group>";
		};
		07740D7827962FD000A73E55 /* Products */ = {
			isa = PBXGroup;
			children = (
				07740D7727962FD000A73E55 /* Lab2_GaganjotSingh_C0834419_IOS.app */,
				07740D8D27962FDA00A73E55 /* Lab2_GaganjotSingh_C0834419_IOSTests.xctest */,
				07740D9827962FDA00A73E55 /* Lab2_GaganjotSingh_C0834419_IOSUITests.xctest */,
			);
			name = Products;
			sourceTree = "<group>";
		};
		07740D7927962FD000A73E55 /* TicTacToe */ = {
			isa = PBXGroup;
			children = (
				07740D7A27962FD000A73E55 /* AppDelegate.swift */,
				07740DB02796317400A73E55 /* TicTacToe.swift */,
				07740D7C27962FD000A73E55 /* SceneDelegate.swift */,
				07740D7E27962FD000A73E55 /* ViewController.swift */,
				07F8C8262797876C002250D3 /* Constants.swift */,
				076074D5279F7516001FEFDC /* CoreDatabase.swift */,
				07740D8027962FD000A73E55 /* Main.storyboard */,
				07740D8327962FDA00A73E55 /* Assets.xcassets */,
				07740D8527962FDA00A73E55 /* LaunchScreen.storyboard */,
				07740D8827962FDA00A73E55 /* Info.plist */,
				076074CF279F6D45001FEFDC /* GameData.xcdatamodeld */,
			);
			path = TicTacToe;
			sourceTree = "<group>";
		};
		07740D9027962FDA00A73E55 /* TicTacToeTests */ = {
			isa = PBXGroup;
			children = (
				07740D9127962FDA00A73E55 /* TicTacToeTests.swift */,
				07740D9327962FDA00A73E55 /* Info.plist */,
			);
			path = TicTacToeTests;
			sourceTree = "<group>";
		};
		07740D9B27962FDA00A73E55 /* TicTacToeUITests */ = {
			isa = PBXGroup;
			children = (
				07740D9C27962FDA00A73E55 /* TicTacToeUITests.swift */,
				07740D9E27962FDA00A73E55 /* Info.plist */,
			);
			path = TicTacToeUITests;
			sourceTree = "<group>";
		};
/* End PBXGroup section */

/* Begin PBXNativeTarget section */
		07740D7627962FD000A73E55 /* Lab2_GaganjotSingh_C0834419_IOS */ = {
			isa = PBXNativeTarget;
			buildConfigurationList = 07740DA127962FDA00A73E55 /* Build configuration list for PBXNativeTarget "Lab2_GaganjotSingh_C0834419_IOS" */;
			buildPhases = (
				07740D7327962FD000A73E55 /* Sources */,
				07740D7427962FD000A73E55 /* Frameworks */,
				07740D7527962FD000A73E55 /* Resources */,
			);
			buildRules = (
			);
			dependencies = (
			);
			name = Lab2_GaganjotSingh_C0834419_IOS;
			productName = TicTacToe;
			productReference = 07740D7727962FD000A73E55 /* Lab2_GaganjotSingh_C0834419_IOS.app */;
			productType = "com.apple.product-type.application";
		};
		07740D8C27962FDA00A73E55 /* Lab2_GaganjotSingh_C0834419_IOSTests */ = {
			isa = PBXNativeTarget;
			buildConfigurationList = 07740DA427962FDA00A73E55 /* Build configuration list for PBXNativeTarget "Lab2_GaganjotSingh_C0834419_IOSTests" */;
			buildPhases = (
				07740D8927962FDA00A73E55 /* Sources */,
				07740D8A27962FDA00A73E55 /* Frameworks */,
				07740D8B27962FDA00A73E55 /* Resources */,
			);
			buildRules = (
			);
			dependencies = (
				07740D8F27962FDA00A73E55 /* PBXTargetDependency */,
			);
			name = Lab2_GaganjotSingh_C0834419_IOSTests;
			productName = TicTacToeTests;
			productReference = 07740D8D27962FDA00A73E55 /* Lab2_GaganjotSingh_C0834419_IOSTests.xctest */;
			productType = "com.apple.product-type.bundle.unit-test";
		};
		07740D9727962FDA00A73E55 /* Lab2_GaganjotSingh_C0834419_IOSUITests */ = {
			isa = PBXNativeTarget;
			buildConfigurationList = 07740DA727962FDA00A73E55 /* Build configuration list for PBXNativeTarget "Lab2_GaganjotSingh_C0834419_IOSUITests" */;
			buildPhases = (
				07740D9427962FDA00A73E55 /* Sources */,
				07740D9527962FDA00A73E55 /* Frameworks */,
				07740D9627962FDA00A73E55 /* Resources */,
			);
			buildRules = (
			);
			dependencies = (
				07740D9A27962FDA00A73E55 /* PBXTargetDependency */,
			);
			name = Lab2_GaganjotSingh_C0834419_IOSUITests;
			productName = TicTacToeUITests;
			productReference = 07740D9827962FDA00A73E55 /* Lab2_GaganjotSingh_C0834419_IOSUITests.xctest */;
			productType = "com.apple.product-type.bundle.ui-testing";
		};
/* End PBXNativeTarget section */

/* Begin PBXProject section */
		07740D6F27962FD000A73E55 /* Project object */ = {
			isa = PBXProject;
			attributes = {
				LastSwiftUpdateCheck = 1230;
				LastUpgradeCheck = 1230;
				TargetAttributes = {
					07740D7627962FD000A73E55 = {
						CreatedOnToolsVersion = 12.3;
					};
					07740D8C27962FDA00A73E55 = {
						CreatedOnToolsVersion = 12.3;
						TestTargetID = 07740D7627962FD000A73E55;
					};
					07740D9727962FDA00A73E55 = {
						CreatedOnToolsVersion = 12.3;
						TestTargetID = 07740D7627962FD000A73E55;
					};
				};
			};
			buildConfigurationList = 07740D7227962FD000A73E55 /* Build configuration list for PBXProject "Lab2_GaganjotSingh_C0834419_IOS" */;
			compatibilityVersion = "Xcode 9.3";
			developmentRegion = en;
			hasScannedForEncodings = 0;
			knownRegions = (
				en,
				Base,
			);
			mainGroup = 07740D6E27962FD000A73E55;
			productRefGroup = 07740D7827962FD000A73E55 /* Products */;
			projectDirPath = "";
			projectRoot = "";
			targets = (
				07740D7627962FD000A73E55 /* Lab2_GaganjotSingh_C0834419_IOS */,
				07740D8C27962FDA00A73E55 /* Lab2_GaganjotSingh_C0834419_IOSTests */,
				07740D9727962FDA00A73E55 /* Lab2_GaganjotSingh_C0834419_IOSUITests */,
			);
		};
/* End PBXProject section */

/* Begin PBXResourcesBuildPhase section */
		07740D7527962FD000A73E55 /* Resources */ = {
			isa = PBXResourcesBuildPhase;
			buildActionMask = 2147483647;
			files = (
				07740D8727962FDA00A73E55 /* LaunchScreen.storyboard in Resources */,
				07740D8427962FDA00A73E55 /* Assets.xcassets in Resources */,
				07740D8227962FD000A73E55 /* Main.storyboard in Resources */,
			);
			runOnlyForDeploymentPostprocessing = 0;
		};
		07740D8B27962FDA00A73E55 /* Resources */ = {
			isa = PBXResourcesBuildPhase;
			buildActionMask = 2147483647;
			files = (
			);
			runOnlyForDeploymentPostprocessing = 0;
		};
		07740D9627962FDA00A73E55 /* Resources */ = {
			isa = PBXResourcesBuildPhase;
			buildActionMask = 2147483647;
			files = (
			);
			runOnlyForDeploymentPostprocessing = 0;
		};
/* End PBXResourcesBuildPhase section */

/* Begin PBXSourcesBuildPhase section */
		07740D7327962FD000A73E55 /* Sources */ = {
			isa = PBXSourcesBuildPhase;
			buildActionMask = 2147483647;
			files = (
				076074D6279F7516001FEFDC /* CoreDatabase.swift in Sources */,
				07F8C8272797876C002250D3 /* Constants.swift in Sources */,
				076074D1279F6D45001FEFDC /* GameData.xcdatamodeld in Sources */,
				07740D7F27962FD000A73E55 /* ViewController.swift in Sources */,
				07740D7B27962FD000A73E55 /* AppDelegate.swift in Sources */,
				07740DB12796317400A73E55 /* TicTacToe.swift in Sources */,
				07740D7D27962FD000A73E55 /* SceneDelegate.swift in Sources */,
			);
			runOnlyForDeploymentPostprocessing = 0;
		};
		07740D8927962FDA00A73E55 /* Sources */ = {
			isa = PBXSourcesBuildPhase;
			buildActionMask = 2147483647;
			files = (
				07740D9227962FDA00A73E55 /* TicTacToeTests.swift in Sources */,
			);
			runOnlyForDeploymentPostprocessing = 0;
		};
		07740D9427962FDA00A73E55 /* Sources */ = {
			isa = PBXSourcesBuildPhase;
			buildActionMask = 2147483647;
			files = (
				07740D9D27962FDA00A73E55 /* TicTacToeUITests.swift in Sources */,
			);
			runOnlyForDeploymentPostprocessing = 0;
		};
/* End PBXSourcesBuildPhase section */

/* Begin PBXTargetDependency section */
		07740D8F27962FDA00A73E55 /* PBXTargetDependency */ = {
			isa = PBXTargetDependency;
			target = 07740D7627962FD000A73E55 /* Lab2_GaganjotSingh_C0834419_IOS */;
			targetProxy = 07740D8E27962FDA00A73E55 /* PBXContainerItemProxy */;
		};
		07740D9A27962FDA00A73E55 /* PBXTargetDependency */ = {
			isa = PBXTargetDependency;
			target = 07740D7627962FD000A73E55 /* Lab2_GaganjotSingh_C0834419_IOS */;
			targetProxy = 07740D9927962FDA00A73E55 /* PBXContainerItemProxy */;
		};
/* End PBXTargetDependency section */

/* Begin PBXVariantGroup section */
		07740D8027962FD000A73E55 /* Main.storyboard */ = {
			isa = PBXVariantGroup;
			children = (
				07740D8127962FD000A73E55 /* Base */,
			);
			name = Main.storyboard;
			sourceTree = "<group>";
		};
		07740D8527962FDA00A73E55 /* LaunchScreen.storyboard */ = {
			isa = PBXVariantGroup;
			children = (
				07740D8627962FDA00A73E55 /* Base */,
			);
			name = LaunchScreen.storyboard;
			sourceTree = "<group>";
		};
/* End PBXVariantGroup section */

/* Begin XCBuildConfiguration section */
		07740D9F27962FDA00A73E55 /* Debug */ = {
			isa = XCBuildConfiguration;
			buildSettings = {
				ALWAYS_SEARCH_USER_PATHS = NO;
				CLANG_ANALYZER_NONNULL = YES;
				CLANG_ANALYZER_NUMBER_OBJECT_CONVERSION = YES_AGGRESSIVE;
				CLANG_CXX_LANGUAGE_STANDARD = "gnu++14";
				CLANG_CXX_LIBRARY = "libc++";
				CLANG_ENABLE_MODULES = YES;
				CLANG_ENABLE_OBJC_ARC = YES;
				CLANG_ENABLE_OBJC_WEAK = YES;
				CLANG_WARN_BLOCK_CAPTURE_AUTORELEASING = YES;
				CLANG_WARN_BOOL_CONVERSION = YES;
				CLANG_WARN_COMMA = YES;
				CLANG_WARN_CONSTANT_CONVERSION = YES;
				CLANG_WARN_DEPRECATED_OBJC_IMPLEMENTATIONS = YES;
				CLANG_WARN_DIRECT_OBJC_ISA_USAGE = YES_ERROR;
				CLANG_WARN_DOCUMENTATION_COMMENTS = YES;
				CLANG_WARN_EMPTY_BODY = YES;
				CLANG_WARN_ENUM_CONVERSION = YES;
				CLANG_WARN_INFINITE_RECURSION = YES;
				CLANG_WARN_INT_CONVERSION = YES;
				CLANG_WARN_NON_LITERAL_NULL_CONVERSION = YES;
				CLANG_WARN_OBJC_IMPLICIT_RETAIN_SELF = YES;
				CLANG_WARN_OBJC_LITERAL_CONVERSION = YES;
				CLANG_WARN_OBJC_ROOT_CLASS = YES_ERROR;
				CLANG_WARN_QUOTED_INCLUDE_IN_FRAMEWORK_HEADER = YES;
				CLANG_WARN_RANGE_LOOP_ANALYSIS = YES;
				CLANG_WARN_STRICT_PROTOTYPES = YES;
				CLANG_WARN_SUSPICIOUS_MOVE = YES;
				CLANG_WARN_UNGUARDED_AVAILABILITY = YES_AGGRESSIVE;
				CLANG_WARN_UNREACHABLE_CODE = YES;
				CLANG_WARN__DUPLICATE_METHOD_MATCH = YES;
				COPY_PHASE_STRIP = NO;
				DEBUG_INFORMATION_FORMAT = dwarf;
				ENABLE_STRICT_OBJC_MSGSEND = YES;
				ENABLE_TESTABILITY = YES;
				GCC_C_LANGUAGE_STANDARD = gnu11;
				GCC_DYNAMIC_NO_PIC = NO;
				GCC_NO_COMMON_BLOCKS = YES;
				GCC_OPTIMIZATION_LEVEL = 0;
				GCC_PREPROCESSOR_DEFINITIONS = (
					"DEBUG=1",
					"$(inherited)",
				);
				GCC_WARN_64_TO_32_BIT_CONVERSION = YES;
				GCC_WARN_ABOUT_RETURN_TYPE = YES_ERROR;
				GCC_WARN_UNDECLARED_SELECTOR = YES;
				GCC_WARN_UNINITIALIZED_AUTOS = YES_AGGRESSIVE;
				GCC_WARN_UNUSED_FUNCTION = YES;
				GCC_WARN_UNUSED_VARIABLE = YES;
				IPHONEOS_DEPLOYMENT_TARGET = 14.3;
				MTL_ENABLE_DEBUG_INFO = INCLUDE_SOURCE;
				MTL_FAST_MATH = YES;
				ONLY_ACTIVE_ARCH = YES;
				SDKROOT = iphoneos;
				SWIFT_ACTIVE_COMPILATION_CONDITIONS = DEBUG;
				SWIFT_OPTIMIZATION_LEVEL = "-Onone";
			};
			name = Debug;
		};
		07740DA027962FDA00A73E55 /* Release */ = {
			isa = XCBuildConfiguration;
			buildSettings = {
				ALWAYS_SEARCH_USER_PATHS = NO;
				CLANG_ANALYZER_NONNULL = YES;
				CLANG_ANALYZER_NUMBER_OBJECT_CONVERSION = YES_AGGRESSIVE;
				CLANG_CXX_LANGUAGE_STANDARD = "gnu++14";
				CLANG_CXX_LIBRARY = "libc++";
				CLANG_ENABLE_MODULES = YES;
				CLANG_ENABLE_OBJC_ARC = YES;
				CLANG_ENABLE_OBJC_WEAK = YES;
				CLANG_WARN_BLOCK_CAPTURE_AUTORELEASING = YES;
				CLANG_WARN_BOOL_CONVERSION = YES;
				CLANG_WARN_COMMA = YES;
				CLANG_WARN_CONSTANT_CONVERSION = YES;
				CLANG_WARN_DEPRECATED_OBJC_IMPLEMENTATIONS = YES;
				CLANG_WARN_DIRECT_OBJC_ISA_USAGE = YES_ERROR;
				CLANG_WARN_DOCUMENTATION_COMMENTS = YES;
				CLANG_WARN_EMPTY_BODY = YES;
				CLANG_WARN_ENUM_CONVERSION = YES;
				CLANG_WARN_INFINITE_RECURSION = YES;
				CLANG_WARN_INT_CONVERSION = YES;
				CLANG_WARN_NON_LITERAL_NULL_CONVERSION = YES;
				CLANG_WARN_OBJC_IMPLICIT_RETAIN_SELF = YES;
				CLANG_WARN_OBJC_LITERAL_CONVERSION = YES;
				CLANG_WARN_OBJC_ROOT_CLASS = YES_ERROR;
				CLANG_WARN_QUOTED_INCLUDE_IN_FRAMEWORK_HEADER = YES;
				CLANG_WARN_RANGE_LOOP_ANALYSIS = YES;
				CLANG_WARN_STRICT_PROTOTYPES = YES;
				CLANG_WARN_SUSPICIOUS_MOVE = YES;
				CLANG_WARN_UNGUARDED_AVAILABILITY = YES_AGGRESSIVE;
				CLANG_WARN_UNREACHABLE_CODE = YES;
				CLANG_WARN__DUPLICATE_METHOD_MATCH = YES;
				COPY_PHASE_STRIP = NO;
				DEBUG_INFORMATION_FORMAT = "dwarf-with-dsym";
				ENABLE_NS_ASSERTIONS = NO;
				ENABLE_STRICT_OBJC_MSGSEND = YES;
				GCC_C_LANGUAGE_STANDARD = gnu11;
				GCC_NO_COMMON_BLOCKS = YES;
				GCC_WARN_64_TO_32_BIT_CONVERSION = YES;
				GCC_WARN_ABOUT_RETURN_TYPE = YES_ERROR;
				GCC_WARN_UNDECLARED_SELECTOR = YES;
				GCC_WARN_UNINITIALIZED_AUTOS = YES_AGGRESSIVE;
				GCC_WARN_UNUSED_FUNCTION = YES;
				GCC_WARN_UNUSED_VARIABLE = YES;
				IPHONEOS_DEPLOYMENT_TARGET = 14.3;
				MTL_ENABLE_DEBUG_INFO = NO;
				MTL_FAST_MATH = YES;
				SDKROOT = iphoneos;
				SWIFT_COMPILATION_MODE = wholemodule;
				SWIFT_OPTIMIZATION_LEVEL = "-O";
				VALIDATE_PRODUCT = YES;
			};
			name = Release;
		};
		07740DA227962FDA00A73E55 /* Debug */ = {
			isa = XCBuildConfiguration;
			buildSettings = {
				ASSETCATALOG_COMPILER_APPICON_NAME = AppIcon;
				ASSETCATALOG_COMPILER_GLOBAL_ACCENT_COLOR_NAME = AccentColor;
				CODE_SIGN_STYLE = Automatic;
				INFOPLIST_FILE = TicTacToe/Info.plist;
				LD_RUNPATH_SEARCH_PATHS = (
					"$(inherited)",
					"@executable_path/Frameworks",
				);
				PRODUCT_BUNDLE_IDENTIFIER = com.TicTacToe.iOS.TicTacToe;
				PRODUCT_NAME = "$(TARGET_NAME)";
				SWIFT_VERSION = 5.0;
				TARGETED_DEVICE_FAMILY = "1,2";
			};
			name = Debug;
		};
		07740DA327962FDA00A73E55 /* Release */ = {
			isa = XCBuildConfiguration;
			buildSettings = {
				ASSETCATALOG_COMPILER_APPICON_NAME = AppIcon;
				ASSETCATALOG_COMPILER_GLOBAL_ACCENT_COLOR_NAME = AccentColor;
				CODE_SIGN_STYLE = Automatic;
				INFOPLIST_FILE = TicTacToe/Info.plist;
				LD_RUNPATH_SEARCH_PATHS = (
					"$(inherited)",
					"@executable_path/Frameworks",
				);
				PRODUCT_BUNDLE_IDENTIFIER = com.TicTacToe.iOS.TicTacToe;
				PRODUCT_NAME = "$(TARGET_NAME)";
				SWIFT_VERSION = 5.0;
				TARGETED_DEVICE_FAMILY = "1,2";
			};
			name = Release;
		};
		07740DA527962FDA00A73E55 /* Debug */ = {
			isa = XCBuildConfiguration;
			buildSettings = {
				ALWAYS_EMBED_SWIFT_STANDARD_LIBRARIES = YES;
				BUNDLE_LOADER = "$(TEST_HOST)";
				CODE_SIGN_STYLE = Automatic;
				INFOPLIST_FILE = TicTacToeTests/Info.plist;
				IPHONEOS_DEPLOYMENT_TARGET = 14.3;
				LD_RUNPATH_SEARCH_PATHS = (
					"$(inherited)",
					"@executable_path/Frameworks",
					"@loader_path/Frameworks",
				);
				PRODUCT_BUNDLE_IDENTIFIER = com.TicTacToe.iOS.TicTacToeTests;
				PRODUCT_NAME = "$(TARGET_NAME)";
				SWIFT_VERSION = 5.0;
				TARGETED_DEVICE_FAMILY = "1,2";
				TEST_HOST = "$(BUILT_PRODUCTS_DIR)/Lab2_GaganjotSingh_C0834419_IOS.app/Lab2_GaganjotSingh_C0834419_IOS";
			};
			name = Debug;
		};
		07740DA627962FDA00A73E55 /* Release */ = {
			isa = XCBuildConfiguration;
			buildSettings = {
				ALWAYS_EMBED_SWIFT_STANDARD_LIBRARIES = YES;
				BUNDLE_LOADER = "$(TEST_HOST)";
				CODE_SIGN_STYLE = Automatic;
				INFOPLIST_FILE = TicTacToeTests/Info.plist;
				IPHONEOS_DEPLOYMENT_TARGET = 14.3;
				LD_RUNPATH_SEARCH_PATHS = (
					"$(inherited)",
					"@executable_path/Frameworks",
					"@loader_path/Frameworks",
				);
				PRODUCT_BUNDLE_IDENTIFIER = com.TicTacToe.iOS.TicTacToeTests;
				PRODUCT_NAME = "$(TARGET_NAME)";
				SWIFT_VERSION = 5.0;
				TARGETED_DEVICE_FAMILY = "1,2";
				TEST_HOST = "$(BUILT_PRODUCTS_DIR)/Lab2_GaganjotSingh_C0834419_IOS.app/Lab2_GaganjotSingh_C0834419_IOS";
			};
			name = Release;
		};
		07740DA827962FDA00A73E55 /* Debug */ = {
			isa = XCBuildConfiguration;
			buildSettings = {
				ALWAYS_EMBED_SWIFT_STANDARD_LIBRARIES = YES;
				CODE_SIGN_STYLE = Automatic;
				INFOPLIST_FILE = TicTacToeUITests/Info.plist;
				LD_RUNPATH_SEARCH_PATHS = (
					"$(inherited)",
					"@executable_path/Frameworks",
					"@loader_path/Frameworks",
				);
				PRODUCT_BUNDLE_IDENTIFIER = com.TicTacToe.iOS.TicTacToeUITests;
				PRODUCT_NAME = "$(TARGET_NAME)";
				SWIFT_VERSION = 5.0;
				TARGETED_DEVICE_FAMILY = "1,2";
				TEST_TARGET_NAME = TicTacToe;
			};
			name = Debug;
		};
		07740DA927962FDA00A73E55 /* Release */ = {
			isa = XCBuildConfiguration;
			buildSettings = {
				ALWAYS_EMBED_SWIFT_STANDARD_LIBRARIES = YES;
				CODE_SIGN_STYLE = Automatic;
				INFOPLIST_FILE = TicTacToeUITests/Info.plist;
				LD_RUNPATH_SEARCH_PATHS = (
					"$(inherited)",
					"@executable_path/Frameworks",
					"@loader_path/Frameworks",
				);
				PRODUCT_BUNDLE_IDENTIFIER = com.TicTacToe.iOS.TicTacToeUITests;
				PRODUCT_NAME = "$(TARGET_NAME)";
				SWIFT_VERSION = 5.0;
				TARGETED_DEVICE_FAMILY = "1,2";
				TEST_TARGET_NAME = TicTacToe;
			};
			name = Release;
		};
/* End XCBuildConfiguration section */

/* Begin XCConfigurationList section */
		07740D7227962FD000A73E55 /* Build configuration list for PBXProject "Lab2_GaganjotSingh_C0834419_IOS" */ = {
			isa = XCConfigurationList;
			buildConfigurations = (
				07740D9F27962FDA00A73E55 /* Debug */,
				07740DA027962FDA00A73E55 /* Release */,
			);
			defaultConfigurationIsVisible = 0;
			defaultConfigurationName = Release;
		};
		07740DA127962FDA00A73E55 /* Build configuration list for PBXNativeTarget "Lab2_GaganjotSingh_C0834419_IOS" */ = {
			isa = XCConfigurationList;
			buildConfigurations = (
				07740DA227962FDA00A73E55 /* Debug */,
				07740DA327962FDA00A73E55 /* Release */,
			);
			defaultConfigurationIsVisible = 0;
			defaultConfigurationName = Release;
		};
		07740DA427962FDA00A73E55 /* Build configuration list for PBXNativeTarget "Lab2_GaganjotSingh_C0834419_IOSTests" */ = {
			isa = XCConfigurationList;
			buildConfigurations = (
				07740DA527962FDA00A73E55 /* Debug */,
				07740DA627962FDA00A73E55 /* Release */,
			);
			defaultConfigurationIsVisible = 0;
			defaultConfigurationName = Release;
		};
		07740DA727962FDA00A73E55 /* Build configuration list for PBXNativeTarget "Lab2_GaganjotSingh_C0834419_IOSUITests" */ = {
			isa = XCConfigurationList;
			buildConfigurations = (
				07740DA827962FDA00A73E55 /* Debug */,
				07740DA927962FDA00A73E55 /* Release */,
			);
			defaultConfigurationIsVisible = 0;
			defaultConfigurationName = Release;
		};
/* End XCConfigurationList section */

/* Begin XCVersionGroup section */
		076074CF279F6D45001FEFDC /* GameData.xcdatamodeld */ = {
			isa = XCVersionGroup;
			children = (
				076074D0279F6D45001FEFDC /* GameData.xcdatamodel */,
			);
			currentVersion = 076074D0279F6D45001FEFDC /* GameData.xcdatamodel */;
			path = GameData.xcdatamodeld;
			sourceTree = "<group>";
			versionGroupType = wrapper.xcdatamodel;
		};
/* End XCVersionGroup section */
	};
	rootObject = 07740D6F27962FD000A73E55 /* Project object */;
}
